
Microsoft Visual Studio Solution File, Format Version 12.00
# Visual Studio 14
VisualStudioVersion = 14.0.25420.1
MinimumVisualStudioVersion = 10.0.40219.1
Project("{FAE04EC0-301F-11D3-BF4B-00C04F79EFBC}") = "RiskProfil", "RiskProfil\RiskProfil.csproj", "{4259592E-B2CD-4E54-82B4-F3EDD8D35CEB}"
EndProject
Global
	GlobalSection(SolutionConfigurationPlatforms) = preSolution
		Debug|Any CPU = Debug|Any CPU
		Release|Any CPU = Release|Any CPU
	EndGlobalSection
	GlobalSection(ProjectConfigurationPlatforms) = postSolution
		{4259592E-B2CD-4E54-82B4-F3EDD8D35CEB}.Debug|Any CPU.ActiveCfg = Debug|Any CPU
		{4259592E-B2CD-4E54-82B4-F3EDD8D35CEB}.Debug|Any CPU.Build.0 = Debug|Any CPU
		{4259592E-B2CD-4E54-82B4-F3EDD8D35CEB}.Release|Any CPU.ActiveCfg = Release|Any CPU
		{4259592E-B2CD-4E54-82B4-F3EDD8D35CEB}.Release|Any CPU.Build.0 = Release|Any CPU
	EndGlobalSection
	GlobalSection(SolutionProperties) = preSolution
		HideSolutionNode = FALSE
	EndGlobalSection
EndGlobal
